
Microsoft Visual Studio Solution File, Format Version 12.00
# Visual Studio Version 16
VisualStudioVersion = 16.0.31424.327
MinimumVisualStudioVersion = 10.0.40219.1
Project("{FAE04EC0-301F-11D3-BF4B-00C04F79EFBC}") = "deliverable2", "deliverable2\deliverable2.csproj", "{C7309F38-82D0-4D1A-A504-8DA07D8D539C}"
EndProject
Global
	GlobalSection(SolutionConfigurationPlatforms) = preSolution
		Debug|Any CPU = Debug|Any CPU
		Release|Any CPU = Release|Any CPU
	EndGlobalSection
	GlobalSection(ProjectConfigurationPlatforms) = postSolution
		{C7309F38-82D0-4D1A-A504-8DA07D8D539C}.Debug|Any CPU.ActiveCfg = Debug|Any CPU
		{C7309F38-82D0-4D1A-A504-8DA07D8D539C}.Debug|Any CPU.Build.0 = Debug|Any CPU
		{C7309F38-82D0-4D1A-A504-8DA07D8D539C}.Release|Any CPU.ActiveCfg = Release|Any CPU
		{C7309F38-82D0-4D1A-A504-8DA07D8D539C}.Release|Any CPU.Build.0 = Release|Any CPU
	EndGlobalSection
	GlobalSection(SolutionProperties) = preSolution
		HideSolutionNode = FALSE
	EndGlobalSection
	GlobalSection(ExtensibilityGlobals) = postSolution
		SolutionGuid = {A62D3249-714A-4E37-93F8-45512C92624E}
	EndGlobalSection
EndGlobal
